// !$*UTF8*$!
{
	archiveVersion = 1;
	classes = {
	};
	objectVersion = 55;
	objects = {

/* Begin PBXBuildFile section */
		9705BCD3275AC7D800B67DC3 /* ConverterView.swift in Sources */ = {isa = PBXBuildFile; fileRef = 9705BCD2275AC7D800B67DC3 /* ConverterView.swift */; };
		97711AFD275C0C6A00CCC7A4 /* Brain.swift in Sources */ = {isa = PBXBuildFile; fileRef = 97711AFC275C0C6A00CCC7A4 /* Brain.swift */; };
		97711AFF275C0DC000CCC7A4 /* ExchangeRateButton.swift in Sources */ = {isa = PBXBuildFile; fileRef = 97711AFE275C0DC000CCC7A4 /* ExchangeRateButton.swift */; };
		9775222E27517E6400F2A2B8 /* AppDelegate.swift in Sources */ = {isa = PBXBuildFile; fileRef = 9775222D27517E6400F2A2B8 /* AppDelegate.swift */; };
		9775223027517E6400F2A2B8 /* SceneDelegate.swift in Sources */ = {isa = PBXBuildFile; fileRef = 9775222F27517E6400F2A2B8 /* SceneDelegate.swift */; };
		9775223227517E6400F2A2B8 /* MainViewController.swift in Sources */ = {isa = PBXBuildFile; fileRef = 9775223127517E6400F2A2B8 /* MainViewController.swift */; };
		9775223527517E6400F2A2B8 /* Main.storyboard in Resources */ = {isa = PBXBuildFile; fileRef = 9775223327517E6400F2A2B8 /* Main.storyboard */; };
		9775223727517E6500F2A2B8 /* Assets.xcassets in Resources */ = {isa = PBXBuildFile; fileRef = 9775223627517E6500F2A2B8 /* Assets.xcassets */; };
		9775223A27517E6500F2A2B8 /* LaunchScreen.storyboard in Resources */ = {isa = PBXBuildFile; fileRef = 9775223827517E6500F2A2B8 /* LaunchScreen.storyboard */; };
		97B0854827561041000035CA /* MainViewController + Configuration.swift in Sources */ = {isa = PBXBuildFile; fileRef = 97B0854727561041000035CA /* MainViewController + Configuration.swift */; };
		97B0854C2756116C000035CA /* SF-Pro-Display-Bold.otf in Resources */ = {isa = PBXBuildFile; fileRef = 97B0854A2756116C000035CA /* SF-Pro-Display-Bold.otf */; };
		97B0854D2756116C000035CA /* SF-Pro-Display-Regular.otf in Resources */ = {isa = PBXBuildFile; fileRef = 97B0854B2756116C000035CA /* SF-Pro-Display-Regular.otf */; };
		97B0854F275611AC000035CA /* R.generated.swift in Sources */ = {isa = PBXBuildFile; fileRef = 97B0854E275611AC000035CA /* R.generated.swift */; };
		97B08552275611D1000035CA /* Localizable.strings in Resources */ = {isa = PBXBuildFile; fileRef = 97B08554275611D1000035CA /* Localizable.strings */; };
		97B0855927561580000035CA /* CustomTextField.swift in Sources */ = {isa = PBXBuildFile; fileRef = 97B0855827561580000035CA /* CustomTextField.swift */; };
		97B0855D275615D3000035CA /* TextFieldView.swift in Sources */ = {isa = PBXBuildFile; fileRef = 97B0855B275615D3000035CA /* TextFieldView.swift */; };
		97B0855E275615D3000035CA /* TextFieldView.xib in Resources */ = {isa = PBXBuildFile; fileRef = 97B0855C275615D3000035CA /* TextFieldView.xib */; };
		97B08562275619B4000035CA /* TextFieldsModel.swift in Sources */ = {isa = PBXBuildFile; fileRef = 97B08561275619B4000035CA /* TextFieldsModel.swift */; };
		97B0856427561A0D000035CA /* TextFieldsSettings.swift in Sources */ = {isa = PBXBuildFile; fileRef = 97B0856327561A0D000035CA /* TextFieldsSettings.swift */; };
		97B0856927561B1D000035CA /* TextFieldsView + UITextFieldDelegate.swift in Sources */ = {isa = PBXBuildFile; fileRef = 97B0856827561B1D000035CA /* TextFieldsView + UITextFieldDelegate.swift */; };
		EC2198B61D9BD3A126038F30 /* Pods_CurrencyConverter.framework in Frameworks */ = {isa = PBXBuildFile; fileRef = 4B48ABF179B713DDD51C05B8 /* Pods_CurrencyConverter.framework */; };
/* End PBXBuildFile section */

/* Begin PBXFileReference section */
		02D216B6A7ED23D50ED3603F /* Pods-CurrencyConverter.debug.xcconfig */ = {isa = PBXFileReference; includeInIndex = 1; lastKnownFileType = text.xcconfig; name = "Pods-CurrencyConverter.debug.xcconfig"; path = "Target Support Files/Pods-CurrencyConverter/Pods-CurrencyConverter.debug.xcconfig"; sourceTree = "<group>"; };
		2E01B477A7B0CBE502F6C96B /* Pods-CurrencyConverter.release.xcconfig */ = {isa = PBXFileReference; includeInIndex = 1; lastKnownFileType = text.xcconfig; name = "Pods-CurrencyConverter.release.xcconfig"; path = "Target Support Files/Pods-CurrencyConverter/Pods-CurrencyConverter.release.xcconfig"; sourceTree = "<group>"; };
		4B48ABF179B713DDD51C05B8 /* Pods_CurrencyConverter.framework */ = {isa = PBXFileReference; explicitFileType = wrapper.framework; includeInIndex = 0; path = Pods_CurrencyConverter.framework; sourceTree = BUILT_PRODUCTS_DIR; };
		9705BCD2275AC7D800B67DC3 /* ConverterView.swift */ = {isa = PBXFileReference; lastKnownFileType = sourcecode.swift; path = ConverterView.swift; sourceTree = "<group>"; };
		97711AFC275C0C6A00CCC7A4 /* Brain.swift */ = {isa = PBXFileReference; lastKnownFileType = sourcecode.swift; path = Brain.swift; sourceTree = "<group>"; };
		97711AFE275C0DC000CCC7A4 /* ExchangeRateButton.swift */ = {isa = PBXFileReference; lastKnownFileType = sourcecode.swift; path = ExchangeRateButton.swift; sourceTree = "<group>"; };
		9775222A27517E6400F2A2B8 /* CurrencyConverter.app */ = {isa = PBXFileReference; explicitFileType = wrapper.application; includeInIndex = 0; path = CurrencyConverter.app; sourceTree = BUILT_PRODUCTS_DIR; };
		9775222D27517E6400F2A2B8 /* AppDelegate.swift */ = {isa = PBXFileReference; lastKnownFileType = sourcecode.swift; path = AppDelegate.swift; sourceTree = "<group>"; };
		9775222F27517E6400F2A2B8 /* SceneDelegate.swift */ = {isa = PBXFileReference; lastKnownFileType = sourcecode.swift; path = SceneDelegate.swift; sourceTree = "<group>"; };
		9775223127517E6400F2A2B8 /* MainViewController.swift */ = {isa = PBXFileReference; lastKnownFileType = sourcecode.swift; path = MainViewController.swift; sourceTree = "<group>"; };
		9775223427517E6400F2A2B8 /* Base */ = {isa = PBXFileReference; lastKnownFileType = file.storyboard; name = Base; path = Base.lproj/Main.storyboard; sourceTree = "<group>"; };
		9775223627517E6500F2A2B8 /* Assets.xcassets */ = {isa = PBXFileReference; lastKnownFileType = folder.assetcatalog; path = Assets.xcassets; sourceTree = "<group>"; };
		9775223927517E6500F2A2B8 /* Base */ = {isa = PBXFileReference; lastKnownFileType = file.storyboard; name = Base; path = Base.lproj/LaunchScreen.storyboard; sourceTree = "<group>"; };
		9775223B27517E6500F2A2B8 /* Info.plist */ = {isa = PBXFileReference; lastKnownFileType = text.plist.xml; path = Info.plist; sourceTree = "<group>"; };
		97B0854727561041000035CA /* MainViewController + Configuration.swift */ = {isa = PBXFileReference; lastKnownFileType = sourcecode.swift; path = "MainViewController + Configuration.swift"; sourceTree = "<group>"; };
		97B0854A2756116C000035CA /* SF-Pro-Display-Bold.otf */ = {isa = PBXFileReference; lastKnownFileType = file; path = "SF-Pro-Display-Bold.otf"; sourceTree = "<group>"; };
		97B0854B2756116C000035CA /* SF-Pro-Display-Regular.otf */ = {isa = PBXFileReference; lastKnownFileType = file; path = "SF-Pro-Display-Regular.otf"; sourceTree = "<group>"; };
		97B0854E275611AC000035CA /* R.generated.swift */ = {isa = PBXFileReference; fileEncoding = 4; lastKnownFileType = sourcecode.swift; path = R.generated.swift; sourceTree = SOURCE_ROOT; };
		97B08553275611D1000035CA /* en */ = {isa = PBXFileReference; lastKnownFileType = text.plist.strings; name = en; path = en.lproj/Localizable.strings; sourceTree = "<group>"; };
		97B0855827561580000035CA /* CustomTextField.swift */ = {isa = PBXFileReference; fileEncoding = 4; lastKnownFileType = sourcecode.swift; path = CustomTextField.swift; sourceTree = "<group>"; };
		97B0855B275615D3000035CA /* TextFieldView.swift */ = {isa = PBXFileReference; fileEncoding = 4; lastKnownFileType = sourcecode.swift; path = TextFieldView.swift; sourceTree = "<group>"; };
		97B0855C275615D3000035CA /* TextFieldView.xib */ = {isa = PBXFileReference; fileEncoding = 4; lastKnownFileType = file.xib; path = TextFieldView.xib; sourceTree = "<group>"; };
		97B08561275619B4000035CA /* TextFieldsModel.swift */ = {isa = PBXFileReference; fileEncoding = 4; lastKnownFileType = sourcecode.swift; path = TextFieldsModel.swift; sourceTree = "<group>"; };
		97B0856327561A0D000035CA /* TextFieldsSettings.swift */ = {isa = PBXFileReference; fileEncoding = 4; lastKnownFileType = sourcecode.swift; path = TextFieldsSettings.swift; sourceTree = "<group>"; };
		97B0856827561B1D000035CA /* TextFieldsView + UITextFieldDelegate.swift */ = {isa = PBXFileReference; lastKnownFileType = sourcecode.swift; path = "TextFieldsView + UITextFieldDelegate.swift"; sourceTree = "<group>"; };
/* End PBXFileReference section */

/* Begin PBXFrameworksBuildPhase section */
		9775222727517E6400F2A2B8 /* Frameworks */ = {
			isa = PBXFrameworksBuildPhase;
			buildActionMask = 2147483647;
			files = (
				EC2198B61D9BD3A126038F30 /* Pods_CurrencyConverter.framework in Frameworks */,
			);
			runOnlyForDeploymentPostprocessing = 0;
		};
/* End PBXFrameworksBuildPhase section */

/* Begin PBXGroup section */
		3513FF6AF9BB5C51C1909C25 /* Frameworks */ = {
			isa = PBXGroup;
			children = (
				4B48ABF179B713DDD51C05B8 /* Pods_CurrencyConverter.framework */,
			);
			name = Frameworks;
			sourceTree = "<group>";
		};
		97711AFB275C0C3200CCC7A4 /* Models */ = {
			isa = PBXGroup;
			children = (
				97711AFC275C0C6A00CCC7A4 /* Brain.swift */,
			);
			path = Models;
			sourceTree = "<group>";
		};
		9775222127517E6300F2A2B8 = {
			isa = PBXGroup;
			children = (
				9775222C27517E6400F2A2B8 /* CurrencyConverter */,
				9775222B27517E6400F2A2B8 /* Products */,
				DAEC641E8BE82C66BC6746FF /* Pods */,
				3513FF6AF9BB5C51C1909C25 /* Frameworks */,
			);
			sourceTree = "<group>";
		};
		9775222B27517E6400F2A2B8 /* Products */ = {
			isa = PBXGroup;
			children = (
				9775222A27517E6400F2A2B8 /* CurrencyConverter.app */,
			);
			name = Products;
			sourceTree = "<group>";
		};
		9775222C27517E6400F2A2B8 /* CurrencyConverter */ = {
			isa = PBXGroup;
			children = (
				97B0854E275611AC000035CA /* R.generated.swift */,
				97B0856527561ABC000035CA /* TextFieldsView */,
				9775224527517EBF00F2A2B8 /* MainView */,
				9775224227517E8D00F2A2B8 /* Resources */,
				9775224327517E9800F2A2B8 /* SupportingFiles */,
				9775223B27517E6500F2A2B8 /* Info.plist */,
			);
			path = CurrencyConverter;
			sourceTree = "<group>";
		};
		9775224127517E8500F2A2B8 /* Controller */ = {
			isa = PBXGroup;
			children = (
				9775223127517E6400F2A2B8 /* MainViewController.swift */,
			);
			path = Controller;
			sourceTree = "<group>";
		};
		9775224227517E8D00F2A2B8 /* Resources */ = {
			isa = PBXGroup;
			children = (
				97B085492756114E000035CA /* Fonts */,
				9775223627517E6500F2A2B8 /* Assets.xcassets */,
				97B08554275611D1000035CA /* Localizable.strings */,
			);
			path = Resources;
			sourceTree = "<group>";
		};
		9775224327517E9800F2A2B8 /* SupportingFiles */ = {
			isa = PBXGroup;
			children = (
				9775222D27517E6400F2A2B8 /* AppDelegate.swift */,
				9775222F27517E6400F2A2B8 /* SceneDelegate.swift */,
				9775223827517E6500F2A2B8 /* LaunchScreen.storyboard */,
			);
			path = SupportingFiles;
			sourceTree = "<group>";
		};
		9775224427517EB100F2A2B8 /* Views */ = {
			isa = PBXGroup;
			children = (
				9775223327517E6400F2A2B8 /* Main.storyboard */,
				9705BCD2275AC7D800B67DC3 /* ConverterView.swift */,
				97711AFE275C0DC000CCC7A4 /* ExchangeRateButton.swift */,
			);
			path = Views;
			sourceTree = "<group>";
		};
		9775224527517EBF00F2A2B8 /* MainView */ = {
			isa = PBXGroup;
			children = (
				97B0854527561027000035CA /* Extensions */,
				97711AFB275C0C3200CCC7A4 /* Models */,
				9775224427517EB100F2A2B8 /* Views */,
				9775224127517E8500F2A2B8 /* Controller */,
			);
			path = MainView;
			sourceTree = "<group>";
		};
		97B0854527561027000035CA /* Extensions */ = {
			isa = PBXGroup;
			children = (
				97B085462756102D000035CA /* MainViewController */,
			);
			path = Extensions;
			sourceTree = "<group>";
		};
		97B085462756102D000035CA /* MainViewController */ = {
			isa = PBXGroup;
			children = (
				97B0854727561041000035CA /* MainViewController + Configuration.swift */,
			);
			path = MainViewController;
			sourceTree = "<group>";
		};
		97B085492756114E000035CA /* Fonts */ = {
			isa = PBXGroup;
			children = (
				97B0854A2756116C000035CA /* SF-Pro-Display-Bold.otf */,
				97B0854B2756116C000035CA /* SF-Pro-Display-Regular.otf */,
			);
			path = Fonts;
			sourceTree = "<group>";
		};
		97B085572756151E000035CA /* TextFields */ = {
			isa = PBXGroup;
			children = (
				97B0855827561580000035CA /* CustomTextField.swift */,
				97B0855A275615B1000035CA /* TextFieldsView */,
			);
			path = TextFields;
			sourceTree = "<group>";
		};
		97B0855A275615B1000035CA /* TextFieldsView */ = {
			isa = PBXGroup;
			children = (
				97B0855B275615D3000035CA /* TextFieldView.swift */,
				97B0855C275615D3000035CA /* TextFieldView.xib */,
			);
			path = TextFieldsView;
			sourceTree = "<group>";
		};
		97B0855F2756196F000035CA /* Models */ = {
			isa = PBXGroup;
			children = (
				97B0856027561990000035CA /* TextFieldsModel */,
			);
			path = Models;
			sourceTree = "<group>";
		};
		97B0856027561990000035CA /* TextFieldsModel */ = {
			isa = PBXGroup;
			children = (
				97B0856327561A0D000035CA /* TextFieldsSettings.swift */,
				97B08561275619B4000035CA /* TextFieldsModel.swift */,
			);
			path = TextFieldsModel;
			sourceTree = "<group>";
		};
		97B0856527561ABC000035CA /* TextFieldsView */ = {
			isa = PBXGroup;
			children = (
				97B0856727561B00000035CA /* Extensions */,
				97B0856627561ADB000035CA /* Views */,
				97B0855F2756196F000035CA /* Models */,
			);
			path = TextFieldsView;
			sourceTree = "<group>";
		};
		97B0856627561ADB000035CA /* Views */ = {
			isa = PBXGroup;
			children = (
				97B085572756151E000035CA /* TextFields */,
			);
			path = Views;
			sourceTree = "<group>";
		};
		97B0856727561B00000035CA /* Extensions */ = {
			isa = PBXGroup;
			children = (
				97B0856827561B1D000035CA /* TextFieldsView + UITextFieldDelegate.swift */,
			);
			path = Extensions;
			sourceTree = "<group>";
		};
		DAEC641E8BE82C66BC6746FF /* Pods */ = {
			isa = PBXGroup;
			children = (
				02D216B6A7ED23D50ED3603F /* Pods-CurrencyConverter.debug.xcconfig */,
				2E01B477A7B0CBE502F6C96B /* Pods-CurrencyConverter.release.xcconfig */,
			);
			path = Pods;
			sourceTree = "<group>";
		};
/* End PBXGroup section */

/* Begin PBXNativeTarget section */
		9775222927517E6400F2A2B8 /* CurrencyConverter */ = {
			isa = PBXNativeTarget;
			buildConfigurationList = 9775223E27517E6500F2A2B8 /* Build configuration list for PBXNativeTarget "CurrencyConverter" */;
			buildPhases = (
				223E4A20BD241CC25742C289 /* [CP] Check Pods Manifest.lock */,
				979915792751830700170D33 /* R.swift */,
				9799157A2751839000170D33 /* SwiftLint */,
				9775222627517E6400F2A2B8 /* Sources */,
				9775222727517E6400F2A2B8 /* Frameworks */,
				9775222827517E6400F2A2B8 /* Resources */,
				FD4EC552C7734397E618DB4E /* [CP] Embed Pods Frameworks */,
			);
			buildRules = (
			);
			dependencies = (
			);
			name = CurrencyConverter;
			productName = CurrencyConverter;
			productReference = 9775222A27517E6400F2A2B8 /* CurrencyConverter.app */;
			productType = "com.apple.product-type.application";
		};
/* End PBXNativeTarget section */

/* Begin PBXProject section */
		9775222227517E6400F2A2B8 /* Project object */ = {
			isa = PBXProject;
			attributes = {
				BuildIndependentTargetsInParallel = 1;
				LastSwiftUpdateCheck = 1310;
				LastUpgradeCheck = 1310;
				TargetAttributes = {
					9775222927517E6400F2A2B8 = {
						CreatedOnToolsVersion = 13.1;
					};
				};
			};
			buildConfigurationList = 9775222527517E6400F2A2B8 /* Build configuration list for PBXProject "CurrencyConverter" */;
			compatibilityVersion = "Xcode 13.0";
			developmentRegion = en;
			hasScannedForEncodings = 0;
			knownRegions = (
				en,
				Base,
			);
			mainGroup = 9775222127517E6300F2A2B8;
			productRefGroup = 9775222B27517E6400F2A2B8 /* Products */;
			projectDirPath = "";
			projectRoot = "";
			targets = (
				9775222927517E6400F2A2B8 /* CurrencyConverter */,
			);
		};
/* End PBXProject section */

/* Begin PBXResourcesBuildPhase section */
		9775222827517E6400F2A2B8 /* Resources */ = {
			isa = PBXResourcesBuildPhase;
			buildActionMask = 2147483647;
			files = (
				9775223A27517E6500F2A2B8 /* LaunchScreen.storyboard in Resources */,
				97B08552275611D1000035CA /* Localizable.strings in Resources */,
				9775223727517E6500F2A2B8 /* Assets.xcassets in Resources */,
				97B0854C2756116C000035CA /* SF-Pro-Display-Bold.otf in Resources */,
				97B0855E275615D3000035CA /* TextFieldView.xib in Resources */,
				97B0854D2756116C000035CA /* SF-Pro-Display-Regular.otf in Resources */,
				9775223527517E6400F2A2B8 /* Main.storyboard in Resources */,
			);
			runOnlyForDeploymentPostprocessing = 0;
		};
/* End PBXResourcesBuildPhase section */

/* Begin PBXShellScriptBuildPhase section */
		223E4A20BD241CC25742C289 /* [CP] Check Pods Manifest.lock */ = {
			isa = PBXShellScriptBuildPhase;
			buildActionMask = 2147483647;
			files = (
			);
			inputFileListPaths = (
			);
			inputPaths = (
				"${PODS_PODFILE_DIR_PATH}/Podfile.lock",
				"${PODS_ROOT}/Manifest.lock",
			);
			name = "[CP] Check Pods Manifest.lock";
			outputFileListPaths = (
			);
			outputPaths = (
				"$(DERIVED_FILE_DIR)/Pods-CurrencyConverter-checkManifestLockResult.txt",
			);
			runOnlyForDeploymentPostprocessing = 0;
			shellPath = /bin/sh;
			shellScript = "diff \"${PODS_PODFILE_DIR_PATH}/Podfile.lock\" \"${PODS_ROOT}/Manifest.lock\" > /dev/null\nif [ $? != 0 ] ; then\n    # print error to STDERR\n    echo \"error: The sandbox is not in sync with the Podfile.lock. Run 'pod install' or update your CocoaPods installation.\" >&2\n    exit 1\nfi\n# This output is used by Xcode 'outputs' to avoid re-running this script phase.\necho \"SUCCESS\" > \"${SCRIPT_OUTPUT_FILE_0}\"\n";
			showEnvVarsInLog = 0;
		};
		979915792751830700170D33 /* R.swift */ = {
			isa = PBXShellScriptBuildPhase;
			alwaysOutOfDate = 1;
			buildActionMask = 2147483647;
			files = (
			);
			inputFileListPaths = (
			);
			inputPaths = (
				"$TEMP_DIR/rswift-lastrun",
			);
			name = R.swift;
			outputFileListPaths = (
			);
			outputPaths = (
				$SRCROOT/R.generated.swift,
			);
			runOnlyForDeploymentPostprocessing = 0;
			shellPath = /bin/sh;
			shellScript = "\"$PODS_ROOT/R.swift/rswift\" generate \"$SRCROOT/R.generated.swift\"\n";
		};
		9799157A2751839000170D33 /* SwiftLint */ = {
			isa = PBXShellScriptBuildPhase;
			buildActionMask = 2147483647;
			files = (
			);
			inputFileListPaths = (
			);
			inputPaths = (
			);
			name = SwiftLint;
			outputFileListPaths = (
			);
			outputPaths = (
			);
			runOnlyForDeploymentPostprocessing = 0;
			shellPath = /bin/sh;
			shellScript = "if which swiftlint >/dev/null; then\n  swiftlint\nelse\n  echo \"warning: SwiftLint not installed, download from https://github.com/realm/SwiftLint\"\nfi\n";
		};
		FD4EC552C7734397E618DB4E /* [CP] Embed Pods Frameworks */ = {
			isa = PBXShellScriptBuildPhase;
			buildActionMask = 2147483647;
			files = (
			);
			inputFileListPaths = (
				"${PODS_ROOT}/Target Support Files/Pods-CurrencyConverter/Pods-CurrencyConverter-frameworks-${CONFIGURATION}-input-files.xcfilelist",
			);
			name = "[CP] Embed Pods Frameworks";
			outputFileListPaths = (
				"${PODS_ROOT}/Target Support Files/Pods-CurrencyConverter/Pods-CurrencyConverter-frameworks-${CONFIGURATION}-output-files.xcfilelist",
			);
			runOnlyForDeploymentPostprocessing = 0;
			shellPath = /bin/sh;
			shellScript = "\"${PODS_ROOT}/Target Support Files/Pods-CurrencyConverter/Pods-CurrencyConverter-frameworks.sh\"\n";
			showEnvVarsInLog = 0;
		};
/* End PBXShellScriptBuildPhase section */

/* Begin PBXSourcesBuildPhase section */
		9775222627517E6400F2A2B8 /* Sources */ = {
			isa = PBXSourcesBuildPhase;
			buildActionMask = 2147483647;
			files = (
				97B0855927561580000035CA /* CustomTextField.swift in Sources */,
				9775223227517E6400F2A2B8 /* MainViewController.swift in Sources */,
				9705BCD3275AC7D800B67DC3 /* ConverterView.swift in Sources */,
				97B08562275619B4000035CA /* TextFieldsModel.swift in Sources */,
				97711AFF275C0DC000CCC7A4 /* ExchangeRateButton.swift in Sources */,
				97B0855D275615D3000035CA /* TextFieldView.swift in Sources */,
				9775222E27517E6400F2A2B8 /* AppDelegate.swift in Sources */,
				97B0854F275611AC000035CA /* R.generated.swift in Sources */,
				97B0856927561B1D000035CA /* TextFieldsView + UITextFieldDelegate.swift in Sources */,
				97B0854827561041000035CA /* MainViewController + Configuration.swift in Sources */,
				97B0856427561A0D000035CA /* TextFieldsSettings.swift in Sources */,
				97711AFD275C0C6A00CCC7A4 /* Brain.swift in Sources */,
				9775223027517E6400F2A2B8 /* SceneDelegate.swift in Sources */,
			);
			runOnlyForDeploymentPostprocessing = 0;
		};
/* End PBXSourcesBuildPhase section */

/* Begin PBXVariantGroup section */
		9775223327517E6400F2A2B8 /* Main.storyboard */ = {
			isa = PBXVariantGroup;
			children = (
				9775223427517E6400F2A2B8 /* Base */,
			);
			name = Main.storyboard;
			sourceTree = "<group>";
		};
		9775223827517E6500F2A2B8 /* LaunchScreen.storyboard */ = {
			isa = PBXVariantGroup;
			children = (
				9775223927517E6500F2A2B8 /* Base */,
			);
			name = LaunchScreen.storyboard;
			sourceTree = "<group>";
		};
		97B08554275611D1000035CA /* Localizable.strings */ = {
			isa = PBXVariantGroup;
			children = (
				97B08553275611D1000035CA /* en */,
			);
			name = Localizable.strings;
			sourceTree = "<group>";
		};
/* End PBXVariantGroup section */

/* Begin XCBuildConfiguration section */
		9775223C27517E6500F2A2B8 /* Debug */ = {
			isa = XCBuildConfiguration;
			buildSettings = {
				ALWAYS_SEARCH_USER_PATHS = NO;
				CLANG_ANALYZER_NONNULL = YES;
				CLANG_ANALYZER_NUMBER_OBJECT_CONVERSION = YES_AGGRESSIVE;
				CLANG_CXX_LANGUAGE_STANDARD = "gnu++17";
				CLANG_CXX_LIBRARY = "libc++";
				CLANG_ENABLE_MODULES = YES;
				CLANG_ENABLE_OBJC_ARC = YES;
				CLANG_ENABLE_OBJC_WEAK = YES;
				CLANG_WARN_BLOCK_CAPTURE_AUTORELEASING = YES;
				CLANG_WARN_BOOL_CONVERSION = YES;
				CLANG_WARN_COMMA = YES;
				CLANG_WARN_CONSTANT_CONVERSION = YES;
				CLANG_WARN_DEPRECATED_OBJC_IMPLEMENTATIONS = YES;
				CLANG_WARN_DIRECT_OBJC_ISA_USAGE = YES_ERROR;
				CLANG_WARN_DOCUMENTATION_COMMENTS = YES;
				CLANG_WARN_EMPTY_BODY = YES;
				CLANG_WARN_ENUM_CONVERSION = YES;
				CLANG_WARN_INFINITE_RECURSION = YES;
				CLANG_WARN_INT_CONVERSION = YES;
				CLANG_WARN_NON_LITERAL_NULL_CONVERSION = YES;
				CLANG_WARN_OBJC_IMPLICIT_RETAIN_SELF = YES;
				CLANG_WARN_OBJC_LITERAL_CONVERSION = YES;
				CLANG_WARN_OBJC_ROOT_CLASS = YES_ERROR;
				CLANG_WARN_QUOTED_INCLUDE_IN_FRAMEWORK_HEADER = YES;
				CLANG_WARN_RANGE_LOOP_ANALYSIS = YES;
				CLANG_WARN_STRICT_PROTOTYPES = YES;
				CLANG_WARN_SUSPICIOUS_MOVE = YES;
				CLANG_WARN_UNGUARDED_AVAILABILITY = YES_AGGRESSIVE;
				CLANG_WARN_UNREACHABLE_CODE = YES;
				CLANG_WARN__DUPLICATE_METHOD_MATCH = YES;
				COPY_PHASE_STRIP = NO;
				DEBUG_INFORMATION_FORMAT = dwarf;
				ENABLE_STRICT_OBJC_MSGSEND = YES;
				ENABLE_TESTABILITY = YES;
				GCC_C_LANGUAGE_STANDARD = gnu11;
				GCC_DYNAMIC_NO_PIC = NO;
				GCC_NO_COMMON_BLOCKS = YES;
				GCC_OPTIMIZATION_LEVEL = 0;
				GCC_PREPROCESSOR_DEFINITIONS = (
					"DEBUG=1",
					"$(inherited)",
				);
				GCC_WARN_64_TO_32_BIT_CONVERSION = YES;
				GCC_WARN_ABOUT_RETURN_TYPE = YES_ERROR;
				GCC_WARN_UNDECLARED_SELECTOR = YES;
				GCC_WARN_UNINITIALIZED_AUTOS = YES_AGGRESSIVE;
				GCC_WARN_UNUSED_FUNCTION = YES;
				GCC_WARN_UNUSED_VARIABLE = YES;
				IPHONEOS_DEPLOYMENT_TARGET = 15.0;
				MTL_ENABLE_DEBUG_INFO = INCLUDE_SOURCE;
				MTL_FAST_MATH = YES;
				ONLY_ACTIVE_ARCH = YES;
				SDKROOT = iphoneos;
				SWIFT_ACTIVE_COMPILATION_CONDITIONS = DEBUG;
				SWIFT_OPTIMIZATION_LEVEL = "-Onone";
			};
			name = Debug;
		};
		9775223D27517E6500F2A2B8 /* Release */ = {
			isa = XCBuildConfiguration;
			buildSettings = {
				ALWAYS_SEARCH_USER_PATHS = NO;
				CLANG_ANALYZER_NONNULL = YES;
				CLANG_ANALYZER_NUMBER_OBJECT_CONVERSION = YES_AGGRESSIVE;
				CLANG_CXX_LANGUAGE_STANDARD = "gnu++17";
				CLANG_CXX_LIBRARY = "libc++";
				CLANG_ENABLE_MODULES = YES;
				CLANG_ENABLE_OBJC_ARC = YES;
				CLANG_ENABLE_OBJC_WEAK = YES;
				CLANG_WARN_BLOCK_CAPTURE_AUTORELEASING = YES;
				CLANG_WARN_BOOL_CONVERSION = YES;
				CLANG_WARN_COMMA = YES;
				CLANG_WARN_CONSTANT_CONVERSION = YES;
				CLANG_WARN_DEPRECATED_OBJC_IMPLEMENTATIONS = YES;
				CLANG_WARN_DIRECT_OBJC_ISA_USAGE = YES_ERROR;
				CLANG_WARN_DOCUMENTATION_COMMENTS = YES;
				CLANG_WARN_EMPTY_BODY = YES;
				CLANG_WARN_ENUM_CONVERSION = YES;
				CLANG_WARN_INFINITE_RECURSION = YES;
				CLANG_WARN_INT_CONVERSION = YES;
				CLANG_WARN_NON_LITERAL_NULL_CONVERSION = YES;
				CLANG_WARN_OBJC_IMPLICIT_RETAIN_SELF = YES;
				CLANG_WARN_OBJC_LITERAL_CONVERSION = YES;
				CLANG_WARN_OBJC_ROOT_CLASS = YES_ERROR;
				CLANG_WARN_QUOTED_INCLUDE_IN_FRAMEWORK_HEADER = YES;
				CLANG_WARN_RANGE_LOOP_ANALYSIS = YES;
				CLANG_WARN_STRICT_PROTOTYPES = YES;
				CLANG_WARN_SUSPICIOUS_MOVE = YES;
				CLANG_WARN_UNGUARDED_AVAILABILITY = YES_AGGRESSIVE;
				CLANG_WARN_UNREACHABLE_CODE = YES;
				CLANG_WARN__DUPLICATE_METHOD_MATCH = YES;
				COPY_PHASE_STRIP = NO;
				DEBUG_INFORMATION_FORMAT = "dwarf-with-dsym";
				ENABLE_NS_ASSERTIONS = NO;
				ENABLE_STRICT_OBJC_MSGSEND = YES;
				GCC_C_LANGUAGE_STANDARD = gnu11;
				GCC_NO_COMMON_BLOCKS = YES;
				GCC_WARN_64_TO_32_BIT_CONVERSION = YES;
				GCC_WARN_ABOUT_RETURN_TYPE = YES_ERROR;
				GCC_WARN_UNDECLARED_SELECTOR = YES;
				GCC_WARN_UNINITIALIZED_AUTOS = YES_AGGRESSIVE;
				GCC_WARN_UNUSED_FUNCTION = YES;
				GCC_WARN_UNUSED_VARIABLE = YES;
				IPHONEOS_DEPLOYMENT_TARGET = 15.0;
				MTL_ENABLE_DEBUG_INFO = NO;
				MTL_FAST_MATH = YES;
				SDKROOT = iphoneos;
				SWIFT_COMPILATION_MODE = wholemodule;
				SWIFT_OPTIMIZATION_LEVEL = "-O";
				VALIDATE_PRODUCT = YES;
			};
			name = Release;
		};
		9775223F27517E6500F2A2B8 /* Debug */ = {
			isa = XCBuildConfiguration;
			baseConfigurationReference = 02D216B6A7ED23D50ED3603F /* Pods-CurrencyConverter.debug.xcconfig */;
			buildSettings = {
				ASSETCATALOG_COMPILER_APPICON_NAME = AppIcon;
				ASSETCATALOG_COMPILER_GLOBAL_ACCENT_COLOR_NAME = AccentColor;
				CODE_SIGN_STYLE = Automatic;
				CURRENT_PROJECT_VERSION = 1;
				DEVELOPMENT_TEAM = 334HNT23HZ;
				GENERATE_INFOPLIST_FILE = YES;
				INFOPLIST_FILE = CurrencyConverter/Info.plist;
				INFOPLIST_KEY_UIApplicationSupportsIndirectInputEvents = YES;
				INFOPLIST_KEY_UILaunchStoryboardName = LaunchScreen;
				INFOPLIST_KEY_UIMainStoryboardFile = Main;
				INFOPLIST_KEY_UISupportedInterfaceOrientations_iPad = "UIInterfaceOrientationPortrait UIInterfaceOrientationPortraitUpsideDown UIInterfaceOrientationLandscapeLeft UIInterfaceOrientationLandscapeRight";
				INFOPLIST_KEY_UISupportedInterfaceOrientations_iPhone = "UIInterfaceOrientationPortrait UIInterfaceOrientationLandscapeLeft UIInterfaceOrientationLandscapeRight";
				LD_RUNPATH_SEARCH_PATHS = (
					"$(inherited)",
					"@executable_path/Frameworks",
				);
				MARKETING_VERSION = 1.0;
				PRODUCT_BUNDLE_IDENTIFIER = com.jevgenijsjefrosinins.CurrencyConverter;
				PRODUCT_NAME = "$(TARGET_NAME)";
				SWIFT_EMIT_LOC_STRINGS = YES;
				SWIFT_VERSION = 5.0;
				TARGETED_DEVICE_FAMILY = "1,2";
			};
			name = Debug;
		};
		9775224027517E6500F2A2B8 /* Release */ = {
			isa = XCBuildConfiguration;
			baseConfigurationReference = 2E01B477A7B0CBE502F6C96B /* Pods-CurrencyConverter.release.xcconfig */;
			buildSettings = {
				ASSETCATALOG_COMPILER_APPICON_NAME = AppIcon;
				ASSETCATALOG_COMPILER_GLOBAL_ACCENT_COLOR_NAME = AccentColor;
				CODE_SIGN_STYLE = Automatic;
				CURRENT_PROJECT_VERSION = 1;
				DEVELOPMENT_TEAM = 334HNT23HZ;
				GENERATE_INFOPLIST_FILE = YES;
				INFOPLIST_FILE = CurrencyConverter/Info.plist;
				INFOPLIST_KEY_UIApplicationSupportsIndirectInputEvents = YES;
				INFOPLIST_KEY_UILaunchStoryboardName = LaunchScreen;
				INFOPLIST_KEY_UIMainStoryboardFile = Main;
				INFOPLIST_KEY_UISupportedInterfaceOrientations_iPad = "UIInterfaceOrientationPortrait UIInterfaceOrientationPortraitUpsideDown UIInterfaceOrientationLandscapeLeft UIInterfaceOrientationLandscapeRight";
				INFOPLIST_KEY_UISupportedInterfaceOrientations_iPhone = "UIInterfaceOrientationPortrait UIInterfaceOrientationLandscapeLeft UIInterfaceOrientationLandscapeRight";
				LD_RUNPATH_SEARCH_PATHS = (
					"$(inherited)",
					"@executable_path/Frameworks",
				);
				MARKETING_VERSION = 1.0;
				PRODUCT_BUNDLE_IDENTIFIER = com.jevgenijsjefrosinins.CurrencyConverter;
				PRODUCT_NAME = "$(TARGET_NAME)";
				SWIFT_EMIT_LOC_STRINGS = YES;
				SWIFT_VERSION = 5.0;
				TARGETED_DEVICE_FAMILY = "1,2";
			};
			name = Release;
		};
/* End XCBuildConfiguration section */

/* Begin XCConfigurationList section */
		9775222527517E6400F2A2B8 /* Build configuration list for PBXProject "CurrencyConverter" */ = {
			isa = XCConfigurationList;
			buildConfigurations = (
				9775223C27517E6500F2A2B8 /* Debug */,
				9775223D27517E6500F2A2B8 /* Release */,
			);
			defaultConfigurationIsVisible = 0;
			defaultConfigurationName = Release;
		};
		9775223E27517E6500F2A2B8 /* Build configuration list for PBXNativeTarget "CurrencyConverter" */ = {
			isa = XCConfigurationList;
			buildConfigurations = (
				9775223F27517E6500F2A2B8 /* Debug */,
				9775224027517E6500F2A2B8 /* Release */,
			);
			defaultConfigurationIsVisible = 0;
			defaultConfigurationName = Release;
		};
/* End XCConfigurationList section */
	};
	rootObject = 9775222227517E6400F2A2B8 /* Project object */;
}
